
Microsoft Visual Studio Solution File, Format Version 12.00
# Visual Studio Version 17
VisualStudioVersion = 17.2.32630.192
MinimumVisualStudioVersion = 10.0.40219.1
Project("{9A19103F-16F7-4668-BE54-9A1E7A4F7556}") = "F10Y.L0008.Construction", "F10Y.L0008.Construction\F10Y.L0008.Construction.csproj", "{1478EC53-3003-40F6-B617-3C331F358ECC}"
EndProject
Project("{9A19103F-16F7-4668-BE54-9A1E7A4F7556}") = "F10Y.L0008", "F10Y.L0008\F10Y.L0008.csproj", "{1FB6124E-99DE-4242-A286-3B7F43D11B17}"
EndProject
Project("{9A19103F-16F7-4668-BE54-9A1E7A4F7556}") = "F10Y.L0008.T001", "F10Y.L0008.T001\F10Y.L0008.T001.csproj", "{C3D9D831-8BD4-4F7A-A8F3-BB650AD3F603}"
EndProject
Project("{2150E333-8FDC-42A3-9474-1A3956D46DE8}") = "_Dependencies", "_Dependencies", "{5A651717-453E-4D10-9595-2822AAD2D8DB}"
EndProject
Project("{9A19103F-16F7-4668-BE54-9A1E7A4F7556}") = "F10Y.L0000", "..\..\F10Y.L0000\source\F10Y.L0000\F10Y.L0000.csproj", "{87439DAA-7F1F-4D30-83D1-B3C0C60791E1}"
EndProject
Project("{9A19103F-16F7-4668-BE54-9A1E7A4F7556}") = "F10Y.T0000", "..\..\F10Y.T0000\source\F10Y.T0000\F10Y.T0000.csproj", "{7364DC27-135C-43CD-BE13-3CC3EB580786}"
EndProject
Project("{9A19103F-16F7-4668-BE54-9A1E7A4F7556}") = "F10Y.T0001", "..\..\F10Y.T0001\source\F10Y.T0001\F10Y.T0001.csproj", "{921D6F7B-24B3-4587-AF38-FDC578256341}"
EndProject
Project("{9A19103F-16F7-4668-BE54-9A1E7A4F7556}") = "F10Y.T0002", "..\..\F10Y.T0002\source\F10Y.T0002\F10Y.T0002.csproj", "{936D7C72-A40D-4B74-A3E1-DCBD8BCE5CE3}"
EndProject
Project("{9A19103F-16F7-4668-BE54-9A1E7A4F7556}") = "F10Y.T0003", "..\..\F10Y.T0003\source\F10Y.T0003\F10Y.T0003.csproj", "{AE3FC235-E86F-41E9-B7DA-0272828DD054}"
EndProject
Project("{9A19103F-16F7-4668-BE54-9A1E7A4F7556}") = "F10Y.T0011", "..\..\F10Y.T0011\source\F10Y.T0011\F10Y.T0011.csproj", "{0ECE5C11-4924-48FE-B7D2-B9E5E35AFE20}"
EndProject
Project("{9A19103F-16F7-4668-BE54-9A1E7A4F7556}") = "F10Y.Y0000", "..\..\F10Y.Y0000\source\F10Y.Y0000\F10Y.Y0000.csproj", "{5410D79E-BA3D-43C3-980B-BAB09715E183}"
EndProject
Project("{9A19103F-16F7-4668-BE54-9A1E7A4F7556}") = "F10Y.T0009", "..\..\F10Y.T0009\source\F10Y.T0009\F10Y.T0009.csproj", "{FCBE280F-417B-4A3D-87BC-846071D6653F}"
EndProject
Project("{9A19103F-16F7-4668-BE54-9A1E7A4F7556}") = "F10Y.Z0002", "..\..\F10Y.Z0002\source\F10Y.Z0002\F10Y.Z0002.csproj", "{E40D828E-BE05-4457-AE9E-02082A8DCB67}"
EndProject
Project("{9A19103F-16F7-4668-BE54-9A1E7A4F7556}") = "F10Y.L0008.Z000", "F10Y.L0008.Z000\F10Y.L0008.Z000.csproj", "{BF0EA718-324C-4A75-B3ED-09159DED347B}"
EndProject
Global
	GlobalSection(NestedProjects) = preSolution
		{87439DAA-7F1F-4D30-83D1-B3C0C60791E1} = {5A651717-453E-4D10-9595-2822AAD2D8DB}
		{7364DC27-135C-43CD-BE13-3CC3EB580786} = {5A651717-453E-4D10-9595-2822AAD2D8DB}
		{921D6F7B-24B3-4587-AF38-FDC578256341} = {5A651717-453E-4D10-9595-2822AAD2D8DB}
		{936D7C72-A40D-4B74-A3E1-DCBD8BCE5CE3} = {5A651717-453E-4D10-9595-2822AAD2D8DB}
		{AE3FC235-E86F-41E9-B7DA-0272828DD054} = {5A651717-453E-4D10-9595-2822AAD2D8DB}
		{0ECE5C11-4924-48FE-B7D2-B9E5E35AFE20} = {5A651717-453E-4D10-9595-2822AAD2D8DB}
		{5410D79E-BA3D-43C3-980B-BAB09715E183} = {5A651717-453E-4D10-9595-2822AAD2D8DB}
		{FCBE280F-417B-4A3D-87BC-846071D6653F} = {5A651717-453E-4D10-9595-2822AAD2D8DB}
		{E40D828E-BE05-4457-AE9E-02082A8DCB67} = {5A651717-453E-4D10-9595-2822AAD2D8DB}
	EndGlobalSection
	GlobalSection(SolutionConfigurationPlatforms) = preSolution
		Debug|Any CPU = Debug|Any CPU
		Release|Any CPU = Release|Any CPU
	EndGlobalSection
	GlobalSection(ProjectConfigurationPlatforms) = postSolution
		{1478EC53-3003-40F6-B617-3C331F358ECC}.Debug|Any CPU.ActiveCfg = Debug|Any CPU
		{1478EC53-3003-40F6-B617-3C331F358ECC}.Debug|Any CPU.Build.0 = Debug|Any CPU
		{1478EC53-3003-40F6-B617-3C331F358ECC}.Release|Any CPU.ActiveCfg = Release|Any CPU
		{1478EC53-3003-40F6-B617-3C331F358ECC}.Release|Any CPU.Build.0 = Release|Any CPU
		{1FB6124E-99DE-4242-A286-3B7F43D11B17}.Debug|Any CPU.ActiveCfg = Debug|Any CPU
		{1FB6124E-99DE-4242-A286-3B7F43D11B17}.Debug|Any CPU.Build.0 = Debug|Any CPU
		{1FB6124E-99DE-4242-A286-3B7F43D11B17}.Release|Any CPU.ActiveCfg = Release|Any CPU
		{1FB6124E-99DE-4242-A286-3B7F43D11B17}.Release|Any CPU.Build.0 = Release|Any CPU
		{C3D9D831-8BD4-4F7A-A8F3-BB650AD3F603}.Debug|Any CPU.ActiveCfg = Debug|Any CPU
		{C3D9D831-8BD4-4F7A-A8F3-BB650AD3F603}.Debug|Any CPU.Build.0 = Debug|Any CPU
		{C3D9D831-8BD4-4F7A-A8F3-BB650AD3F603}.Release|Any CPU.ActiveCfg = Release|Any CPU
		{C3D9D831-8BD4-4F7A-A8F3-BB650AD3F603}.Release|Any CPU.Build.0 = Release|Any CPU
		{87439DAA-7F1F-4D30-83D1-B3C0C60791E1}.Debug|Any CPU.ActiveCfg = Debug|Any CPU
		{87439DAA-7F1F-4D30-83D1-B3C0C60791E1}.Debug|Any CPU.Build.0 = Debug|Any CPU
		{87439DAA-7F1F-4D30-83D1-B3C0C60791E1}.Release|Any CPU.ActiveCfg = Release|Any CPU
		{87439DAA-7F1F-4D30-83D1-B3C0C60791E1}.Release|Any CPU.Build.0 = Release|Any CPU
		{7364DC27-135C-43CD-BE13-3CC3EB580786}.Debug|Any CPU.ActiveCfg = Debug|Any CPU
		{7364DC27-135C-43CD-BE13-3CC3EB580786}.Debug|Any CPU.Build.0 = Debug|Any CPU
		{7364DC27-135C-43CD-BE13-3CC3EB580786}.Release|Any CPU.ActiveCfg = Release|Any CPU
		{7364DC27-135C-43CD-BE13-3CC3EB580786}.Release|Any CPU.Build.0 = Release|Any CPU
		{921D6F7B-24B3-4587-AF38-FDC578256341}.Debug|Any CPU.ActiveCfg = Debug|Any CPU
		{921D6F7B-24B3-4587-AF38-FDC578256341}.Debug|Any CPU.Build.0 = Debug|Any CPU
		{921D6F7B-24B3-4587-AF38-FDC578256341}.Release|Any CPU.ActiveCfg = Release|Any CPU
		{921D6F7B-24B3-4587-AF38-FDC578256341}.Release|Any CPU.Build.0 = Release|Any CPU
		{936D7C72-A40D-4B74-A3E1-DCBD8BCE5CE3}.Debug|Any CPU.ActiveCfg = Debug|Any CPU
		{936D7C72-A40D-4B74-A3E1-DCBD8BCE5CE3}.Debug|Any CPU.Build.0 = Debug|Any CPU
		{936D7C72-A40D-4B74-A3E1-DCBD8BCE5CE3}.Release|Any CPU.ActiveCfg = Release|Any CPU
		{936D7C72-A40D-4B74-A3E1-DCBD8BCE5CE3}.Release|Any CPU.Build.0 = Release|Any CPU
		{AE3FC235-E86F-41E9-B7DA-0272828DD054}.Debug|Any CPU.ActiveCfg = Debug|Any CPU
		{AE3FC235-E86F-41E9-B7DA-0272828DD054}.Debug|Any CPU.Build.0 = Debug|Any CPU
		{AE3FC235-E86F-41E9-B7DA-0272828DD054}.Release|Any CPU.ActiveCfg = Release|Any CPU
		{AE3FC235-E86F-41E9-B7DA-0272828DD054}.Release|Any CPU.Build.0 = Release|Any CPU
		{0ECE5C11-4924-48FE-B7D2-B9E5E35AFE20}.Debug|Any CPU.ActiveCfg = Debug|Any CPU
		{0ECE5C11-4924-48FE-B7D2-B9E5E35AFE20}.Debug|Any CPU.Build.0 = Debug|Any CPU
		{0ECE5C11-4924-48FE-B7D2-B9E5E35AFE20}.Release|Any CPU.ActiveCfg = Release|Any CPU
		{0ECE5C11-4924-48FE-B7D2-B9E5E35AFE20}.Release|Any CPU.Build.0 = Release|Any CPU
		{5410D79E-BA3D-43C3-980B-BAB09715E183}.Debug|Any CPU.ActiveCfg = Debug|Any CPU
		{5410D79E-BA3D-43C3-980B-BAB09715E183}.Debug|Any CPU.Build.0 = Debug|Any CPU
		{5410D79E-BA3D-43C3-980B-BAB09715E183}.Release|Any CPU.ActiveCfg = Release|Any CPU
		{5410D79E-BA3D-43C3-980B-BAB09715E183}.Release|Any CPU.Build.0 = Release|Any CPU
		{FCBE280F-417B-4A3D-87BC-846071D6653F}.Debug|Any CPU.ActiveCfg = Debug|Any CPU
		{FCBE280F-417B-4A3D-87BC-846071D6653F}.Debug|Any CPU.Build.0 = Debug|Any CPU
		{FCBE280F-417B-4A3D-87BC-846071D6653F}.Release|Any CPU.ActiveCfg = Release|Any CPU
		{FCBE280F-417B-4A3D-87BC-846071D6653F}.Release|Any CPU.Build.0 = Release|Any CPU
		{E40D828E-BE05-4457-AE9E-02082A8DCB67}.Debug|Any CPU.ActiveCfg = Debug|Any CPU
		{E40D828E-BE05-4457-AE9E-02082A8DCB67}.Debug|Any CPU.Build.0 = Debug|Any CPU
		{E40D828E-BE05-4457-AE9E-02082A8DCB67}.Release|Any CPU.ActiveCfg = Release|Any CPU
		{E40D828E-BE05-4457-AE9E-02082A8DCB67}.Release|Any CPU.Build.0 = Release|Any CPU
		{BF0EA718-324C-4A75-B3ED-09159DED347B}.Debug|Any CPU.ActiveCfg = Debug|Any CPU
		{BF0EA718-324C-4A75-B3ED-09159DED347B}.Debug|Any CPU.Build.0 = Debug|Any CPU
		{BF0EA718-324C-4A75-B3ED-09159DED347B}.Release|Any CPU.ActiveCfg = Release|Any CPU
		{BF0EA718-324C-4A75-B3ED-09159DED347B}.Release|Any CPU.Build.0 = Release|Any CPU
	EndGlobalSection
	GlobalSection(SolutionProperties) = preSolution
		HideSolutionNode = FALSE
	EndGlobalSection
	GlobalSection(ExtensibilityGlobals) = postSolution
		SolutionGuid = {919C3D3F-AC09-410F-A200-2FBFD6B9A01D}
	EndGlobalSection
EndGlobal
